
Microsoft Visual Studio Solution File, Format Version 12.00
# Visual Studio 2015
Project("{FAE04EC0-301F-11D3-BF4B-00C04F79EFBC}") = "datagloveMV.CSharp", "datagloveMV.CSharp.csproj", "{9F254EE7-29AC-D9BB-A226-8CB14D162348}"
EndProject
Project("{FAE04EC0-301F-11D3-BF4B-00C04F79EFBC}") = "datagloveMV.CSharp.Editor", "datagloveMV.CSharp.Editor.csproj", "{0552C05E-317C-9B97-0818-85496C29AAAD}"
EndProject
Global
	GlobalSection(SolutionConfigurationPlatforms) = preSolution
		Debug|Any CPU = Debug|Any CPU
		Release|Any CPU = Release|Any CPU
	EndGlobalSection
	GlobalSection(ProjectConfigurationPlatforms) = postSolution
		{9F254EE7-29AC-D9BB-A226-8CB14D162348}.Debug|Any CPU.ActiveCfg = Debug|Any CPU
		{9F254EE7-29AC-D9BB-A226-8CB14D162348}.Debug|Any CPU.Build.0 = Debug|Any CPU
		{9F254EE7-29AC-D9BB-A226-8CB14D162348}.Release|Any CPU.ActiveCfg = Release|Any CPU
		{9F254EE7-29AC-D9BB-A226-8CB14D162348}.Release|Any CPU.Build.0 = Release|Any CPU
		{0552C05E-317C-9B97-0818-85496C29AAAD}.Debug|Any CPU.ActiveCfg = Debug|Any CPU
		{0552C05E-317C-9B97-0818-85496C29AAAD}.Debug|Any CPU.Build.0 = Debug|Any CPU
		{0552C05E-317C-9B97-0818-85496C29AAAD}.Release|Any CPU.ActiveCfg = Release|Any CPU
		{0552C05E-317C-9B97-0818-85496C29AAAD}.Release|Any CPU.Build.0 = Release|Any CPU
	EndGlobalSection
	GlobalSection(SolutionProperties) = preSolution
		HideSolutionNode = FALSE
	EndGlobalSection
EndGlobal
